{
  "version": 4,
  "terraform_version": "0.14.6",
  "serial": 70,
  "lineage": "72d77d5a-3bda-d066-9b30-9c8a42ae4914",
  "outputs": {
    "Every24Hours": {
      "value": {
        "scheduler": "uni/fabric/schedp-Every24Hours"
      },
      "type": [
        "object",
        {
          "scheduler": "string"
        }
      ]
    },
    "host1": {
      "value": {
        "remote_host": "uni/fabric/path-host1.example.com"
      },
      "type": [
        "object",
        {
          "remote_host": "string"
        }
      ]
    },
    "login_domain_radius": {
      "value": {
        "login_domain_radius": "uni/userext"
      },
      "type": [
        "object",
        {
          "login_domain_radius": "string"
        }
      ]
    },
    "login_domain_tacacs": {
      "value": {
        "login_domain_tacacs": "uni/userext"
      },
      "type": [
        "object",
        {
          "login_domain_tacacs": "string"
        }
      ]
    },
    "maintenance_group_switch_MgA": {
      "value": {
        "maintenance_group": "uni/fabric/maintgrp-switch_MgA"
      },
      "type": [
        "object",
        {
          "maintenance_group": "string"
        }
      ]
    },
    "maintenance_group_switch_MgB": {
      "value": {
        "maintenance_group": "uni/fabric/maintgrp-switch_MgB"
      },
      "type": [
        "object",
        {
          "maintenance_group": "string"
        }
      ]
    },
    "maintenance_policy_default": {
      "value": {
        "maintenance_policy": "uni/fabric/maintpol-Default"
      },
      "type": [
        "object",
        {
          "maintenance_policy": "string"
        }
      ]
    },
    "tacacs_accounting": {
      "value": {
        "accounting_group": "uni/fabric/tacacsgroup-TACACS"
      },
      "type": [
        "object",
        {
          "accounting_group": "string"
        }
      ]
    }
  },
  "resources": [
    {
      "module": "module.Daily_Backup",
      "mode": "managed",
      "type": "aci_rest",
      "name": "config_export_policy",
      "provider": "provider[\"registry.terraform.io/ciscodevnet/aci\"]",
      "instances": [
        {
          "schema_version": 1,
          "attributes": {
            "class_name": "configExportP",
            "content": null,
            "dn": null,
            "id": "uni/fabric/configexp-Daily_Backup",
            "path": "/api/node/mo/uni/fabric/configexp-Daily_Backup.json",
            "payload": "{\n  \"configExportP\": {\n    \"attributes\": {\n      \"adminSt\": \"untriggered\",\n      \"annotation\": \"\",\n      \"descr\": \"This is a Policy for Daily Configuration Export\",\n      \"dn\": \"uni/fabric/configexp-Daily_Backup\",\n      \"format\": \"json\",\n      \"includeSecureFields\": \"true\",\n      \"name\": \"Daily_Backup\",\n      \"nameAlias\": \"\",\n      \"snapshot\": \"true\",\n      \"targetDn\": \"\"\n    },\n    \"children\": [\n      {\n        \"configRsExportScheduler\": {\n          \"attributes\": {\n            \"tnTrigSchedPName\": \"Every24Hours\"\n          },\n          \"children\": []\n        }\n      },\n      {\n        \"configRsRemotePath\": {\n          \"attributes\": {\n            \"tnFileRemotePathName\": \"host1.example.com\"\n          },\n          \"children\": []\n        }\n      }\n    ]\n  }\n}\n"
          },
          "sensitive_attributes": [],
          "private": "eyJzY2hlbWFfdmVyc2lvbiI6IjEifQ==",
          "dependencies": [
            "module.Every24Hours.aci_rest.scheduler",
            "module.host1.aci_rest.remote_host"
          ]
        }
      ]
    },
    {
      "module": "module.Every24Hours",
      "mode": "managed",
      "type": "aci_rest",
      "name": "scheduler",
      "provider": "provider[\"registry.terraform.io/ciscodevnet/aci\"]",
      "instances": [
        {
          "schema_version": 1,
          "attributes": {
            "class_name": "trigSchedP",
            "content": null,
            "dn": null,
            "id": "uni/fabric/schedp-Every24Hours",
            "path": "/api/node/mo/uni/fabric/schedp-Every24Hours.json",
            "payload": "{\n  \"trigSchedP\": {\n    \"attributes\": {\n      \"annotation\": \"\",\n      \"descr\": \"Schedule for 12:15 AM every day\",\n      \"dn\": \"uni/fabric/schedp-Every24Hours\",\n      \"name\": \"Every24Hours\",\n      \"nameAlias\": \"\"\n    },\n    \"children\": [\n      {\n        \"trigRecurrWindowP\": {\n          \"attributes\": {\n            \"annotation\": \"\",\n            \"concurCap\": \"0\",\n            \"day\": \"every-day\",\n            \"dn\": \"uni/fabric/schedp-Every24Hours/recurrwinp-Every24Hours\",\n            \"hour\": \"0\",\n            \"minute\": \"15\",\n            \"name\": \"Every24Hours\",\n            \"nameAlias\": \"\",\n            \"procCap\": \"0\"\n          },\n          \"children\": []\n        }\n      }\n    ]\n  }\n}\n"
          },
          "sensitive_attributes": [],
          "private": "eyJzY2hlbWFfdmVyc2lvbiI6IjEifQ=="
        }
      ]
    },
    {
      "module": "module.global_encrypt_key",
      "mode": "managed",
      "type": "aci_rest",
      "name": "encryption_key",
      "provider": "provider[\"registry.terraform.io/ciscodevnet/aci\"]",
      "instances": [
        {
          "schema_version": 1,
          "attributes": {
            "class_name": "pkiExportEncryptionKey",
            "content": null,
            "dn": null,
            "id": "uni/exportcryptkey",
            "path": "/api/node/mo/uni/exportcryptkey.json",
            "payload": "{\n  \"pkiExportEncryptionKey\": {\n    \"attributes\": {\n      \"annotation\": \"\",\n      \"descr\": \"\",\n      \"nameAlias\": \"\",\n      \"dn\": \"uni/exportcryptkey\",\n      \"strongEncryptionEnabled\": \"true\",\n      \"passphrase\": \"cisco123cisco123\"\n    },\n    \"children\": []\n  }\n}\n"
          },
          "sensitive_attributes": [
            [
              {
                "type": "get_attr",
                "value": "payload"
              }
            ]
          ],
          "private": "eyJzY2hlbWFfdmVyc2lvbiI6IjEifQ=="
        }
      ]
    },
    {
      "module": "module.global_security",
      "mode": "managed",
      "type": "aci_rest",
      "name": "system_security",
      "provider": "provider[\"registry.terraform.io/ciscodevnet/aci\"]",
      "instances": [
        {
          "schema_version": 1,
          "attributes": {
            "class_name": "aaaUserEp",
            "content": null,
            "dn": null,
            "id": "uni/userext",
            "path": "/api/node/mo/uni/userext.json",
            "payload": "{\n  \"aaaUserEp\": {\n    \"attributes\": {\n      \"dn\": \"uni/userext\",\n      \"pwdStrengthCheck\": \"yes\"\n    },\n    \"children\": [\n      {\n        \"aaaPwdProfile\": {\n          \"attributes\": {\n            \"annotation\": \"\",\n            \"changeCount\": \"2\",\n            \"changeDuringInterval\": \"enable\",\n            \"changeInterval\": \"48\",\n            \"descr\": \"\",\n            \"dn\": \"uni/userext/pwdprofile\",\n            \"expirationWarnTime\": \"15\",\n            \"noChangeInterval\": \"24\",\n            \"historyCount\": \"5\"\n          },\n          \"children\": []\n        }\n      },\n      {\n        \"aaaBlockLoginProfile\": {\n          \"attributes\": {\n            \"annotation\": \"\",\n            \"blockDuration\": \"60\",\n            \"descr\": \"\",\n            \"dn\": \"uni/userext/blockloginp\",\n            \"enableLoginBlock\": \"enable\",\n            \"maxFailedAttempts\": \"5\",\n            \"maxFailedAttemptsWindow\": \"5\"\n          },\n          \"children\": []\n        }\n      },\n      {\n        \"pkiEp\": {\n          \"attributes\": {\n            \"dn\": \"uni/userext/pkiext\"\n          },\n          \"children\": [\n            {\n              \"pkiWebTokenData\": {\n                \"attributes\": {\n                  \"dn\": \"uni/userext/pkiext/webtokendata\",\n                  \"maximumValidityPeriod\": \"24\",\n                  \"webtokenTimeoutSeconds\": \"9500\",\n                  \"uiIdleTimeoutSeconds\": \"65000\",\n                },\n                \"children\": []\n              }\n            }\n          ]\n        }\n      }\n    ]\n  }\n}\n"
          },
          "sensitive_attributes": [],
          "private": "eyJzY2hlbWFfdmVyc2lvbiI6IjEifQ=="
        }
      ]
    },
    {
      "module": "module.host1",
      "mode": "managed",
      "type": "aci_rest",
      "name": "remote_host",
      "provider": "provider[\"registry.terraform.io/ciscodevnet/aci\"]",
      "instances": [
        {
          "schema_version": 1,
          "attributes": {
            "class_name": "fileRemotePath",
            "content": null,
            "dn": null,
            "id": "uni/fabric/path-host1.example.com",
            "path": "/api/node/mo/uni/fabric/path-host1.example.com.json",
            "payload": "{\n  \"fileRemotePath\": {\n    \"attributes\": {\n      \"annotation\": \"\",\n      \"authType\": \"usePassword\",\n      \"dn\": \"uni/fabric/path-host1.example.com\",\n      \"descr\": \"Remote Backup Host with Username/Password Authentication\",\n      \"host\": \"host1.example.com\",\n      \"identityPrivateKeyContents\": \"\",\n      \"identityPrivateKeyPassphrase\": \"\",\n      \"name\": \"host1.example.com\",\n      \"nameAlias\": \"\",\n      \"protocol\": \"sftp\",\n      \"remotePath\": \"/tmp\",\n      \"remotePort\": \"22\",\n      \"userName\": \"admin\",\n      \"userPasswd\": \"cisco123\",\n    },\n    \"children\": [\n      {\n        \"fileRsARemoteHostToEpg\": {\n          \"attributes\": {\n            \"tDn\": \"uni/tn-mgmt/mgmtp-default/oob-default\"\n          },\n          \"children\": []\n        }\n      }\n    ]\n  }\n}\n"
          },
          "sensitive_attributes": [
            [
              {
                "type": "get_attr",
                "value": "payload"
              }
            ]
          ],
          "private": "eyJzY2hlbWFfdmVyc2lvbiI6IjEifQ=="
        }
      ]
    },
    {
      "module": "module.login_domain_radius",
      "mode": "managed",
      "type": "aci_rest",
      "name": "login_domain_radius",
      "provider": "provider[\"registry.terraform.io/ciscodevnet/aci\"]",
      "instances": [
        {
          "schema_version": 1,
          "attributes": {
            "class_name": "aaaUserEp",
            "content": null,
            "dn": null,
            "id": "uni/userext",
            "path": "/api/node/mo/uni/userext.json",
            "payload": "{\n  \"aaaUserEp\": {\n    \"attributes\": {\n      \"dn\": \"uni/userext\"\n    },\n    \"children\": [\n      {\n        \"aaaLoginDomain\": {\n          \"attributes\": {\n            \"annotation\": \"\",\n            \"dn\": \"uni/userext/logindomain-RADIUS\",\n            \"name\": \"RADIUS\",\n            \"nameAlias\": \"\"\n          },\n          \"children\": [\n            {\n              \"aaaDomainAuth\": {\n                \"attributes\": {\n                  \"annotation\": \"\",\n                  \"descr\": \"Login Domain RADIUS\",\n                  \"dn\": \"uni/userext/logindomain-RADIUS/domainauth\",\n                  \"providerGroup\": \"RADIUS\",\n                  \"realm\": \"radius\"\n                },\n                \"children\": []\n              }\n            }\n          ]\n        }\n      },\n      {\n        \"aaaRadiusEp\": {\n          \"attributes\": {\n            \"dn\": \"uni/userext/radiusext\"\n          },\n          \"children\": [\n            {\n              \"aaaRadiusProviderGroup\": {\n                \"attributes\": {\n                  \"dn\": \"uni/userext/radiusext/radiusprovidergroup-RADIUS\"\n                },\n                \"children\": []\n              }\n            }\n          ]\n        }\n      }\n    ]\n  }\n}\n"
          },
          "sensitive_attributes": [],
          "private": "eyJzY2hlbWFfdmVyc2lvbiI6IjEifQ=="
        }
      ]
    },
    {
      "module": "module.login_domain_tacacs",
      "mode": "managed",
      "type": "aci_rest",
      "name": "login_domain_tacacs",
      "provider": "provider[\"registry.terraform.io/ciscodevnet/aci\"]",
      "instances": [
        {
          "schema_version": 1,
          "attributes": {
            "class_name": "aaaUserEp",
            "content": null,
            "dn": null,
            "id": "uni/userext",
            "path": "/api/node/mo/uni/userext.json",
            "payload": "{\n  \"aaaUserEp\": {\n    \"attributes\": {\n      \"dn\": \"uni/userext\"\n    },\n    \"children\": [\n      {\n        \"aaaLoginDomain\": {\n          \"attributes\": {\n            \"annotation\": \"\",\n            \"dn\": \"uni/userext/logindomain-TACACS\",\n            \"name\": \"TACACS\",\n            \"nameAlias\": \"\"\n          },\n          \"children\": [\n            {\n              \"aaaDomainAuth\": {\n                \"attributes\": {\n                  \"annotation\": \"\",\n                  \"descr\": \"Login Domain TACACS+\",\n                  \"dn\": \"uni/userext/logindomain-TACACS/domainauth\",\n                  \"providerGroup\": \"TACACS\",\n                  \"realm\": \"tacacs\"\n                },\n                \"children\": []\n              }\n            }\n          ]\n        }\n      },\n      {\n        \"aaaTacacsPlusEp\": {\n          \"attributes\": {\n            \"dn\": \"uni/userext/tacacsext\"\n          },\n          \"children\": [\n            {\n              \"aaaTacacsPlusProviderGroup\": {\n                \"attributes\": {\n                  \"dn\": \"uni/userext/tacacsext/tacacsplusprovidergroup-TACACS\",\n                  \"name\": \"TACACS\"\n                },\n                \"children\": []\n              }\n            }\n          ]\n        }\n      }\n    ]\n  }\n}\n"
          },
          "sensitive_attributes": [],
          "private": "eyJzY2hlbWFfdmVyc2lvbiI6IjEifQ=="
        }
      ]
    },
    {
      "module": "module.maintenance_group_switch_MgA",
      "mode": "managed",
      "type": "aci_pod_maintenance_group",
      "name": "maintenance_group",
      "provider": "provider[\"registry.terraform.io/ciscodevnet/aci\"]",
      "instances": [
        {
          "schema_version": 1,
          "attributes": {
            "annotation": "",
            "description": "",
            "fwtype": "switch",
            "id": "uni/fabric/maintgrp-switch_MgA",
            "name": "switch_MgA",
            "name_alias": "",
            "pod_maintenance_group_type": "range",
            "relation_maint_rs_mgrpp": "uni/fabric/maintpol-Default"
          },
          "sensitive_attributes": [],
          "private": "eyJzY2hlbWFfdmVyc2lvbiI6IjEifQ==",
          "dependencies": [
            "module.maintenance_policy_default.aci_maintenance_policy.maintenance_policy"
          ]
        }
      ]
    },
    {
      "module": "module.maintenance_group_switch_MgB",
      "mode": "managed",
      "type": "aci_pod_maintenance_group",
      "name": "maintenance_group",
      "provider": "provider[\"registry.terraform.io/ciscodevnet/aci\"]",
      "instances": [
        {
          "schema_version": 1,
          "attributes": {
            "annotation": "",
            "description": "",
            "fwtype": "switch",
            "id": "uni/fabric/maintgrp-switch_MgB",
            "name": "switch_MgB",
            "name_alias": "",
            "pod_maintenance_group_type": "range",
            "relation_maint_rs_mgrpp": "uni/fabric/maintpol-Default"
          },
          "sensitive_attributes": [],
          "private": "eyJzY2hlbWFfdmVyc2lvbiI6IjEifQ==",
          "dependencies": [
            "module.maintenance_policy_default.aci_maintenance_policy.maintenance_policy"
          ]
        }
      ]
    },
    {
      "module": "module.maintenance_policy_default",
      "mode": "managed",
      "type": "aci_maintenance_policy",
      "name": "maintenance_policy",
      "provider": "provider[\"registry.terraform.io/ciscodevnet/aci\"]",
      "instances": [
        {
          "schema_version": 1,
          "attributes": {
            "admin_st": "untriggered",
            "annotation": "",
            "description": "",
            "graceful": "no",
            "id": "uni/fabric/maintpol-Default",
            "ignore_compat": "no",
            "internal_label": "",
            "name": "Default",
            "name_alias": "",
            "notif_cond": "notifyOnlyOnFailures",
            "relation_maint_rs_pol_notif": "",
            "relation_maint_rs_pol_scheduler": null,
            "relation_trig_rs_triggerable": "",
            "run_mode": "pauseOnlyOnFailures",
            "version": "simsw-4.2(5k)",
            "version_check_override": "untriggered"
          },
          "sensitive_attributes": [],
          "private": "eyJzY2hlbWFfdmVyc2lvbiI6IjEifQ=="
        }
      ]
    },
    {
      "module": "module.radius_server1",
      "mode": "managed",
      "type": "aci_rest",
      "name": "radius_provider",
      "provider": "provider[\"registry.terraform.io/ciscodevnet/aci\"]",
      "instances": [
        {
          "schema_version": 1,
          "attributes": {
            "class_name": "aaaRadiusProvider",
            "content": null,
            "dn": null,
            "id": "uni/userext/radiusext/radiusprovider-198.18.18.12",
            "path": "/api/node/mo/uni/userext/radiusext/radiusprovider-198.18.18.12.json",
            "payload": "{\n  \"aaaRadiusProvider\": {\n    \"attributes\": {\n      \"annotation\": \"\",\n      \"authPort\": \"1812\",\n      \"authProtocol\": \"pap\",\n      \"descr\": \"RADIUS Server 1\",\n      \"dn\": \"uni/userext/radiusext/radiusprovider-198.18.18.12\",\n      \"key\": \"cisco123\",\n      \"monitorServer\": \"disabled\",\n      \"monitoringUser\": \"default\",\n      \"monitoringPassword\": \"\",\n      \"name\": \"198.18.18.12\",\n      \"nameAlias\": \"\",\n      \"retries\": \"1\",\n      \"timeout\": \"5\"\n    },\n    \"children\": [\n      {\n        \"aaaRsSecProvToEpg\": {\n          \"attributes\": {\n            \"tDn\": \"uni/tn-mgmt/mgmtp-default/oob-default\"\n          },\n          \"children\": []\n        }\n      }\n    ]\n  }\n}\n"
          },
          "sensitive_attributes": [
            [
              {
                "type": "get_attr",
                "value": "payload"
              }
            ]
          ],
          "private": "eyJzY2hlbWFfdmVyc2lvbiI6IjEifQ==",
          "dependencies": [
            "module.login_domain_radius.aci_rest.login_domain_radius"
          ]
        }
      ]
    },
    {
      "module": "module.radius_server1",
      "mode": "managed",
      "type": "aci_rest",
      "name": "radius_provider_group",
      "provider": "provider[\"registry.terraform.io/ciscodevnet/aci\"]",
      "instances": [
        {
          "schema_version": 1,
          "attributes": {
            "class_name": "aaaProviderRef",
            "content": null,
            "dn": null,
            "id": "uni/userext/radiusext/radiusprovidergroup-RADIUS/providerref-198.18.18.12",
            "path": "/api/node/mo/uni/userext/radiusext/radiusprovidergroup-RADIUS/providerref-198.18.18.12.json",
            "payload": "{\n  \"aaaProviderRef\": {\n    \"attributes\": {\n      \"annotation\": \"\",\n      \"descr\": \"RADIUS Server 1\",\n      \"dn\": \"uni/userext/radiusext/radiusprovidergroup-RADIUS/providerref-198.18.18.12\",\n      \"name\": \"198.18.18.12\",\n      \"nameAlias\": \"\",\n      \"order\": \"1\",\n    }\n  }\n}\n"
          },
          "sensitive_attributes": [],
          "private": "eyJzY2hlbWFfdmVyc2lvbiI6IjEifQ==",
          "dependencies": [
            "module.login_domain_radius.aci_rest.login_domain_radius",
            "module.radius_server1.aci_rest.radius_provider"
          ]
        }
      ]
    },
    {
      "module": "module.radius_server2",
      "mode": "managed",
      "type": "aci_rest",
      "name": "radius_provider",
      "provider": "provider[\"registry.terraform.io/ciscodevnet/aci\"]",
      "instances": [
        {
          "schema_version": 1,
          "attributes": {
            "class_name": "aaaRadiusProvider",
            "content": null,
            "dn": null,
            "id": "uni/userext/radiusext/radiusprovider-198.18.18.13",
            "path": "/api/node/mo/uni/userext/radiusext/radiusprovider-198.18.18.13.json",
            "payload": "{\n  \"aaaRadiusProvider\": {\n    \"attributes\": {\n      \"annotation\": \"\",\n      \"authPort\": \"1812\",\n      \"authProtocol\": \"pap\",\n      \"descr\": \"RADIUS Server 2\",\n      \"dn\": \"uni/userext/radiusext/radiusprovider-198.18.18.13\",\n      \"key\": \"cisco123\",\n      \"monitorServer\": \"disabled\",\n      \"monitoringUser\": \"default\",\n      \"monitoringPassword\": \"\",\n      \"name\": \"198.18.18.13\",\n      \"nameAlias\": \"\",\n      \"retries\": \"1\",\n      \"timeout\": \"5\"\n    },\n    \"children\": [\n      {\n        \"aaaRsSecProvToEpg\": {\n          \"attributes\": {\n            \"tDn\": \"uni/tn-mgmt/mgmtp-default/oob-default\"\n          },\n          \"children\": []\n        }\n      }\n    ]\n  }\n}\n"
          },
          "sensitive_attributes": [
            [
              {
                "type": "get_attr",
                "value": "payload"
              }
            ]
          ],
          "private": "eyJzY2hlbWFfdmVyc2lvbiI6IjEifQ==",
          "dependencies": [
            "module.login_domain_radius.aci_rest.login_domain_radius"
          ]
        }
      ]
    },
    {
      "module": "module.radius_server2",
      "mode": "managed",
      "type": "aci_rest",
      "name": "radius_provider_group",
      "provider": "provider[\"registry.terraform.io/ciscodevnet/aci\"]",
      "instances": [
        {
          "schema_version": 1,
          "attributes": {
            "class_name": "aaaProviderRef",
            "content": null,
            "dn": null,
            "id": "uni/userext/radiusext/radiusprovidergroup-RADIUS/providerref-198.18.18.13",
            "path": "/api/node/mo/uni/userext/radiusext/radiusprovidergroup-RADIUS/providerref-198.18.18.13.json",
            "payload": "{\n  \"aaaProviderRef\": {\n    \"attributes\": {\n      \"annotation\": \"\",\n      \"descr\": \"RADIUS Server 2\",\n      \"dn\": \"uni/userext/radiusext/radiusprovidergroup-RADIUS/providerref-198.18.18.13\",\n      \"name\": \"198.18.18.13\",\n      \"nameAlias\": \"\",\n      \"order\": \"2\",\n    }\n  }\n}\n"
          },
          "sensitive_attributes": [],
          "private": "eyJzY2hlbWFfdmVyc2lvbiI6IjEifQ==",
          "dependencies": [
            "module.login_domain_radius.aci_rest.login_domain_radius",
            "module.radius_server2.aci_rest.radius_provider"
          ]
        }
      ]
    },
    {
      "module": "module.tacacs_accounting",
      "mode": "managed",
      "type": "aci_rest",
      "name": "tacacs_accounting",
      "provider": "provider[\"registry.terraform.io/ciscodevnet/aci\"]",
      "instances": [
        {
          "schema_version": 1,
          "attributes": {
            "class_name": "tacacsGroup",
            "content": null,
            "dn": null,
            "id": "uni/fabric/tacacsgroup-TACACS",
            "path": "/api/node/mo/uni/fabric/tacacsgroup-TACACS.json",
            "payload": "{\n  \"tacacsGroup\": {\n    \"attributes\": {\n      \"annotation\": \"\",\n      \"dn\": \"uni/fabric/tacacsgroup-TACACS\",\n      \"descr\": \"TACACS+ Accounting Group\",\n      \"name\": \"TACACS\",\n      \"nameAlias\": \"\"\n    },\n    \"children\": []\n  }\n}\n"
          },
          "sensitive_attributes": [],
          "private": "eyJzY2hlbWFfdmVyc2lvbiI6IjEifQ=="
        }
      ]
    },
    {
      "module": "module.tacacs_server1",
      "mode": "managed",
      "type": "aci_rest",
      "name": "accounting_group_dest",
      "provider": "provider[\"registry.terraform.io/ciscodevnet/aci\"]",
      "instances": [
        {
          "schema_version": 1,
          "attributes": {
            "class_name": "tacacsTacacsDest",
            "content": null,
            "dn": null,
            "id": "uni/fabric/tacacsgroup-TACACS/tacacsdest-198.19.18.12-port-1812",
            "path": "/api/node/mo/uni/fabric/tacacsgroup-TACACS/tacacsdest-198.19.18.12-port-1812.json",
            "payload": "{\n  \"tacacsTacacsDest\": {\n    \"attributes\": {\n      \"authProtocol\": \"pap\",\n      \"dn\": \"uni/fabric/tacacsgroup-TACACS/tacacsdest-198.19.18.12-port-1812\",\n      \"host\": \"198.19.18.12\",\n      \"key\": \"cisco123\",\n    },\n    \"children\": [\n      {\n        \"fileRsARemoteHostToEpg\": {\n          \"attributes\": {\n            \"tDn\": \"uni/tn-mgmt/mgmtp-default/oob-default\"\n          }\n        }\n      }\n    ]\n  }\n}\n"
          },
          "sensitive_attributes": [
            [
              {
                "type": "get_attr",
                "value": "payload"
              }
            ]
          ],
          "private": "eyJzY2hlbWFfdmVyc2lvbiI6IjEifQ==",
          "dependencies": [
            "module.login_domain_tacacs.aci_rest.login_domain_tacacs",
            "module.tacacs_accounting.aci_rest.tacacs_accounting"
          ]
        }
      ]
    },
    {
      "module": "module.tacacs_server1",
      "mode": "managed",
      "type": "aci_rest",
      "name": "tacacs_provider",
      "provider": "provider[\"registry.terraform.io/ciscodevnet/aci\"]",
      "instances": [
        {
          "schema_version": 1,
          "attributes": {
            "class_name": "aaaTacacsPlusProvider",
            "content": null,
            "dn": null,
            "id": "uni/userext/tacacsext/tacacsplusprovider-198.19.18.12",
            "path": "/api/node/mo/uni/userext/tacacsext/tacacsplusprovider-198.19.18.12.json",
            "payload": "{\n  \"aaaTacacsPlusProvider\": {\n    \"attributes\": {\n      \"annotation\": \"\",\n      \"authProtocol\": \"pap\",\n      \"descr\": \"TACACS+ Server 1\",\n      \"dn\": \"uni/userext/tacacsext/tacacsplusprovider-198.19.18.12\",\n      \"key\": \"cisco123\",\n      \"monitorServer\": \"disabled\",\n      \"monitoringUser\": \"default\",\n      \"monitoringPassword\": \"\",\n      \"name\": \"198.19.18.12\",\n      \"nameAlias\": \"\",\n      \"port\": \"1812\",\n      \"retries\": \"1\",\n      \"timeout\": \"5\",\n    },\n    \"children\": [\n      {\n        \"aaaRsSecProvToEpg\": {\n          \"attributes\": {\n            \"tDn\": \"uni/tn-mgmt/mgmtp-default/oob-default\"\n          },\n          \"children\": []\n        }\n      }\n    ]\n  }\n}\n"
          },
          "sensitive_attributes": [
            [
              {
                "type": "get_attr",
                "value": "payload"
              }
            ]
          ],
          "private": "eyJzY2hlbWFfdmVyc2lvbiI6IjEifQ==",
          "dependencies": [
            "module.login_domain_tacacs.aci_rest.login_domain_tacacs",
            "module.tacacs_accounting.aci_rest.tacacs_accounting"
          ]
        }
      ]
    },
    {
      "module": "module.tacacs_server1",
      "mode": "managed",
      "type": "aci_rest",
      "name": "tacacs_provider_group",
      "provider": "provider[\"registry.terraform.io/ciscodevnet/aci\"]",
      "instances": [
        {
          "schema_version": 1,
          "attributes": {
            "class_name": "aaaProviderRef",
            "content": null,
            "dn": null,
            "id": "uni/userext/tacacsext/tacacsplusprovidergroup-TACACS/providerref-198.19.18.12",
            "path": "/api/node/mo/uni/userext/tacacsext/tacacsplusprovidergroup-TACACS.json",
            "payload": "{\n  \"aaaProviderRef\": {\n    \"attributes\": {\n      \"annotation\": \"\",\n      \"descr\": \"TACACS+ Server 1\",\n      \"dn\": \"uni/userext/tacacsext/tacacsplusprovidergroup-TACACS/providerref-198.19.18.12\",\n      \"name\": \"198.19.18.12\",\n      \"nameAlias\": \"\",\n      \"order\": \"1\",\n    }\n  }\n}\n"
          },
          "sensitive_attributes": [],
          "private": "eyJzY2hlbWFfdmVyc2lvbiI6IjEifQ==",
          "dependencies": [
            "module.login_domain_tacacs.aci_rest.login_domain_tacacs",
            "module.tacacs_accounting.aci_rest.tacacs_accounting",
            "module.tacacs_server1.aci_rest.tacacs_provider"
          ]
        }
      ]
    },
    {
      "module": "module.tacacs_server2",
      "mode": "managed",
      "type": "aci_rest",
      "name": "accounting_group_dest",
      "provider": "provider[\"registry.terraform.io/ciscodevnet/aci\"]",
      "instances": [
        {
          "schema_version": 1,
          "attributes": {
            "class_name": "tacacsTacacsDest",
            "content": null,
            "dn": null,
            "id": "uni/fabric/tacacsgroup-TACACS/tacacsdest-198.19.18.13-port-1812",
            "path": "/api/node/mo/uni/fabric/tacacsgroup-TACACS/tacacsdest-198.19.18.13-port-1812.json",
            "payload": "{\n  \"tacacsTacacsDest\": {\n    \"attributes\": {\n      \"authProtocol\": \"pap\",\n      \"dn\": \"uni/fabric/tacacsgroup-TACACS/tacacsdest-198.19.18.13-port-1812\",\n      \"host\": \"198.19.18.13\",\n      \"key\": \"cisco123\",\n    },\n    \"children\": [\n      {\n        \"fileRsARemoteHostToEpg\": {\n          \"attributes\": {\n            \"tDn\": \"uni/tn-mgmt/mgmtp-default/oob-default\"\n          }\n        }\n      }\n    ]\n  }\n}\n"
          },
          "sensitive_attributes": [
            [
              {
                "type": "get_attr",
                "value": "payload"
              }
            ]
          ],
          "private": "eyJzY2hlbWFfdmVyc2lvbiI6IjEifQ==",
          "dependencies": [
            "module.tacacs_accounting.aci_rest.tacacs_accounting"
          ]
        }
      ]
    },
    {
      "module": "module.tacacs_server2",
      "mode": "managed",
      "type": "aci_rest",
      "name": "tacacs_provider",
      "provider": "provider[\"registry.terraform.io/ciscodevnet/aci\"]",
      "instances": [
        {
          "schema_version": 1,
          "attributes": {
            "class_name": "aaaTacacsPlusProvider",
            "content": null,
            "dn": null,
            "id": "uni/userext/tacacsext/tacacsplusprovider-198.19.18.13",
            "path": "/api/node/mo/uni/userext/tacacsext/tacacsplusprovider-198.19.18.13.json",
            "payload": "{\n  \"aaaTacacsPlusProvider\": {\n    \"attributes\": {\n      \"annotation\": \"\",\n      \"authProtocol\": \"pap\",\n      \"descr\": \"TACACS+ Server 2\",\n      \"dn\": \"uni/userext/tacacsext/tacacsplusprovider-198.19.18.13\",\n      \"key\": \"cisco123\",\n      \"monitorServer\": \"disabled\",\n      \"monitoringUser\": \"default\",\n      \"monitoringPassword\": \"\",\n      \"name\": \"198.19.18.13\",\n      \"nameAlias\": \"\",\n      \"port\": \"1812\",\n      \"retries\": \"1\",\n      \"timeout\": \"5\",\n    },\n    \"children\": [\n      {\n        \"aaaRsSecProvToEpg\": {\n          \"attributes\": {\n            \"tDn\": \"uni/tn-mgmt/mgmtp-default/oob-default\"\n          },\n          \"children\": []\n        }\n      }\n    ]\n  }\n}\n"
          },
          "sensitive_attributes": [
            [
              {
                "type": "get_attr",
                "value": "payload"
              }
            ]
          ],
          "private": "eyJzY2hlbWFfdmVyc2lvbiI6IjEifQ=="
        }
      ]
    },
    {
      "module": "module.tacacs_server2",
      "mode": "managed",
      "type": "aci_rest",
      "name": "tacacs_provider_group",
      "provider": "provider[\"registry.terraform.io/ciscodevnet/aci\"]",
      "instances": [
        {
          "schema_version": 1,
          "attributes": {
            "class_name": "aaaProviderRef",
            "content": null,
            "dn": null,
            "id": "uni/userext/tacacsext/tacacsplusprovidergroup-TACACS/providerref-198.19.18.13",
            "path": "/api/node/mo/uni/userext/tacacsext/tacacsplusprovidergroup-TACACS.json",
            "payload": "{\n  \"aaaProviderRef\": {\n    \"attributes\": {\n      \"annotation\": \"\",\n      \"descr\": \"TACACS+ Server 2\",\n      \"dn\": \"uni/userext/tacacsext/tacacsplusprovidergroup-TACACS/providerref-198.19.18.13\",\n      \"name\": \"198.19.18.13\",\n      \"nameAlias\": \"\",\n      \"order\": \"2\",\n    }\n  }\n}\n"
          },
          "sensitive_attributes": [],
          "private": "eyJzY2hlbWFfdmVyc2lvbiI6IjEifQ==",
          "dependencies": [
            "module.tacacs_server2.aci_rest.tacacs_provider"
          ]
        }
      ]
    },
    {
      "module": "module.tacacs_source",
      "mode": "managed",
      "type": "aci_rest",
      "name": "tacacs_source",
      "provider": "provider[\"registry.terraform.io/ciscodevnet/aci\"]",
      "instances": [
        {
          "schema_version": 1,
          "attributes": {
            "class_name": "tacacsSrc",
            "content": null,
            "dn": null,
            "id": "uni/fabric/moncommon/tacacssrc-TACACS",
            "path": "/api/node/mo/uni/fabric/moncommon/tacacssrc-TACACS.json",
            "payload": "{\n  \"tacacsSrc\": {\n    \"attributes\": {\n      \"annotation\": \"\",\n      \"descr\": \"TACACS+ Source Group\",\n      \"dn\": \"uni/fabric/moncommon/tacacssrc-TACACS\",\n      \"name\": \"TACACS\",\n      \"nameAlias\": \"\"\n    },\n    \"children\": [\n      {\n        \"tacacsRsDestGroup\": {\n          \"attributes\": {\n            \"tDn\": \"uni/fabric/tacacsgroup-TACACS\"\n          },\n          \"children\": []\n        }\n      }\n    ]\n  }\n}\n"
          },
          "sensitive_attributes": [],
          "private": "eyJzY2hlbWFfdmVyc2lvbiI6IjEifQ==",
          "dependencies": [
            "module.tacacs_accounting.aci_rest.tacacs_accounting"
          ]
        }
      ]
    }
  ]
}
