{
  "version": 4,
  "terraform_version": "0.14.6",
  "serial": 23,
  "lineage": "72d77d5a-3bda-d066-9b30-9c8a42ae4914",
  "outputs": {
    "Every24Hours": {
      "value": {
        "scheduler": "uni/fabric/schedp-Every24Hours"
      },
      "type": [
        "object",
        {
          "scheduler": "string"
        }
      ]
    },
    "host1": {
      "value": {
        "remote_host": "uni/fabric/path-host1.example.com"
      },
      "type": [
        "object",
        {
          "remote_host": "string"
        }
      ]
    },
    "login_domain_radius": {
      "value": {
        "login_domain_radius": "uni/userext"
      },
      "type": [
        "object",
        {
          "login_domain_radius": "string"
        }
      ]
    }
  },
  "resources": [
    {
      "module": "module.Daily_Backup",
      "mode": "managed",
      "type": "aci_rest",
      "name": "config_export_policy",
      "provider": "provider[\"registry.terraform.io/ciscodevnet/aci\"]",
      "instances": [
        {
          "schema_version": 1,
          "attributes": {
            "class_name": "configExportP",
            "content": null,
            "dn": null,
            "id": "uni/fabric/configexp-Daily_Backup",
            "path": "/api/node/mo/uni/fabric/configexp-Daily_Backup.json",
            "payload": "{\n  \"configExportP\": {\n    \"attributes\": {\n      \"adminSt\": \"untriggered\",\n      \"annotation\": \"\",\n      \"descr\": \"This is a Policy for Daily Configuration Export\",\n      \"dn\": \"uni/fabric/configexp-Daily_Backup\",\n      \"format\": \"json\",\n      \"includeSecureFields\": \"true\",\n      \"name\": \"Daily_Backup\",\n      \"nameAlias\": \"\",\n      \"snapshot\": \"true\",\n      \"targetDn\": \"\"\n    },\n    \"children\": [\n      {\n        \"configRsExportScheduler\": {\n          \"attributes\": {\n            \"tnTrigSchedPName\": \"Every24Hours\"\n          },\n          \"children\": []\n        }\n      },\n      {\n        \"configRsRemotePath\": {\n          \"attributes\": {\n            \"tnFileRemotePathName\": \"host1.example.com\"\n          },\n          \"children\": []\n        }\n      }\n    ]\n  }\n}\n"
          },
          "sensitive_attributes": [],
          "private": "eyJzY2hlbWFfdmVyc2lvbiI6IjEifQ==",
          "dependencies": [
            "module.Every24Hours.aci_rest.scheduler",
            "module.host1.aci_rest.remote_host"
          ]
        }
      ]
    },
    {
      "module": "module.Every24Hours",
      "mode": "managed",
      "type": "aci_rest",
      "name": "scheduler",
      "provider": "provider[\"registry.terraform.io/ciscodevnet/aci\"]",
      "instances": [
        {
          "schema_version": 1,
          "attributes": {
            "class_name": "trigSchedP",
            "content": null,
            "dn": null,
            "id": "uni/fabric/schedp-Every24Hours",
            "path": "/api/node/mo/uni/fabric/schedp-Every24Hours.json",
            "payload": "{\n  \"trigSchedP\": {\n    \"attributes\": {\n      \"annotation\": \"\",\n      \"descr\": \"Schedule for 12:15 AM every day\",\n      \"dn\": \"uni/fabric/schedp-Every24Hours\",\n      \"name\": \"Every24Hours\",\n      \"nameAlias\": \"\"\n    },\n    \"children\": [\n      {\n        \"trigRecurrWindowP\": {\n          \"attributes\": {\n            \"annotation\": \"\",\n            \"concurCap\": \"0\",\n            \"day\": \"every-day\",\n            \"dn\": \"uni/fabric/schedp-Every24Hours/recurrwinp-Every24Hours\",\n            \"hour\": \"0\",\n            \"minute\": \"15\",\n            \"name\": \"Every24Hours\",\n            \"nameAlias\": \"\",\n            \"procCap\": \"0\"\n          },\n          \"children\": []\n        }\n      }\n    ]\n  }\n}\n"
          },
          "sensitive_attributes": [],
          "private": "eyJzY2hlbWFfdmVyc2lvbiI6IjEifQ=="
        }
      ]
    },
    {
      "module": "module.global_encrypt_key",
      "mode": "managed",
      "type": "aci_rest",
      "name": "encryption_key",
      "provider": "provider[\"registry.terraform.io/ciscodevnet/aci\"]",
      "instances": [
        {
          "schema_version": 1,
          "attributes": {
            "class_name": "pkiExportEncryptionKey",
            "content": null,
            "dn": null,
            "id": "uni/exportcryptkey",
            "path": "/api/node/mo/uni/exportcryptkey.json",
            "payload": "{\n  \"pkiExportEncryptionKey\": {\n    \"attributes\": {\n      \"annotation\": \"\",\n      \"descr\": \"\",\n      \"nameAlias\": \"\",\n      \"dn\": \"uni/exportcryptkey\",\n      \"strongEncryptionEnabled\": \"true\",\n      \"passphrase\": \"cisco123cisco123\"\n    },\n    \"children\": []\n  }\n}\n"
          },
          "sensitive_attributes": [
            [
              {
                "type": "get_attr",
                "value": "payload"
              }
            ]
          ],
          "private": "eyJzY2hlbWFfdmVyc2lvbiI6IjEifQ=="
        }
      ]
    },
    {
      "module": "module.host1",
      "mode": "managed",
      "type": "aci_rest",
      "name": "remote_host",
      "provider": "provider[\"registry.terraform.io/ciscodevnet/aci\"]",
      "instances": [
        {
          "schema_version": 1,
          "attributes": {
            "class_name": "fileRemotePath",
            "content": null,
            "dn": null,
            "id": "uni/fabric/path-host1.example.com",
            "path": "/api/node/mo/uni/fabric/path-host1.example.com.json",
            "payload": "{\n  \"fileRemotePath\": {\n    \"attributes\": {\n      \"annotation\": \"\",\n      \"authType\": \"usePassword\",\n      \"dn\": \"uni/fabric/path-host1.example.com\",\n      \"descr\": \"Remote Backup Host with Username/Password Authentication\",\n      \"host\": \"host1.example.com\",\n      \"identityPrivateKeyContents\": \"\",\n      \"identityPrivateKeyPassphrase\": \"\",\n      \"name\": \"host1.example.com\",\n      \"nameAlias\": \"\",\n      \"protocol\": \"sftp\",\n      \"remotePath\": \"/tmp\",\n      \"remotePort\": \"22\",\n      \"userName\": \"admin\",\n      \"userPasswd\": \"cisco123\",\n    },\n    \"children\": [\n      {\n        \"fileRsARemoteHostToEpg\": {\n          \"attributes\": {\n            \"tDn\": \"uni/tn-mgmt/mgmtp-default/oob-default\"\n          },\n          \"children\": []\n        }\n      }\n    ]\n  }\n}\n"
          },
          "sensitive_attributes": [
            [
              {
                "type": "get_attr",
                "value": "payload"
              }
            ]
          ],
          "private": "eyJzY2hlbWFfdmVyc2lvbiI6IjEifQ=="
        }
      ]
    },
    {
      "module": "module.login_domain_radius",
      "mode": "managed",
      "type": "aci_rest",
      "name": "login_domain_radius",
      "provider": "provider[\"registry.terraform.io/ciscodevnet/aci\"]",
      "instances": [
        {
          "schema_version": 1,
          "attributes": {
            "class_name": "aaaUserEp",
            "content": null,
            "dn": null,
            "id": "uni/userext",
            "path": "/api/node/mo/uni/userext.json",
            "payload": "{\n  \"aaaUserEp\": {\n    \"attributes\": {\n      \"dn\": \"uni/userext\"\n    },\n    \"children\": [\n      {\n        \"aaaLoginDomain\": {\n          \"attributes\": {\n            \"annotation\": \"\",\n            \"dn\": \"uni/userext/logindomain-RADIUS\",\n            \"name\": \"RADIUS\",\n            \"nameAlias\": \"\"\n          },\n          \"children\": [\n            {\n              \"aaaDomainAuth\": {\n                \"attributes\": {\n                  \"annotation\": \"\",\n                  \"descr\": \"Login Domain RADIUS\",\n                  \"dn\": \"uni/userext/logindomain-RADIUS/domainauth\",\n                  \"providerGroup\": \"RADIUS\",\n                  \"realm\": \"radius\"\n                },\n                \"children\": []\n              }\n            }\n          ]\n        }\n      },\n      {\n        \"aaaRadiusEp\": {\n          \"attributes\": {\n            \"dn\": \"uni/userext/radiusext\"\n          },\n          \"children\": [\n            {\n              \"aaaRadiusProviderGroup\": {\n                \"attributes\": {\n                  \"dn\": \"uni/userext/radiusext/radiusprovidergroup-RADIUS\"\n                },\n                \"children\": []\n              }\n            }\n          ]\n        }\n      }\n    ]\n  }\n}\n"
          },
          "sensitive_attributes": [],
          "private": "eyJzY2hlbWFfdmVyc2lvbiI6IjEifQ=="
        }
      ]
    },
    {
      "module": "module.radius_server1",
      "mode": "managed",
      "type": "aci_rest",
      "name": "radius_provider",
      "provider": "provider[\"registry.terraform.io/ciscodevnet/aci\"]",
      "instances": [
        {
          "schema_version": 1,
          "attributes": {
            "class_name": "aaaRadiusProvider",
            "content": null,
            "dn": null,
            "id": "uni/userext/radiusext/radiusprovider-198.18.18.12",
            "path": "/api/node/mo/uni/userext/radiusext/radiusprovider-198.18.18.12.json",
            "payload": "{\n  \"aaaRadiusProvider\": {\n    \"attributes\": {\n      \"annotation\": \"\",\n      \"authProtocol\": \"pap\",\n      \"descr\": \"RADIUS Server 1\",\n      \"dn\": \"uni/userext/radiusext/radiusprovider-198.18.18.12\",\n      \"key\": \"cisco123\",\n      \"monitorServer\": \"disabled\",\n      \"monitoringUser\": \"default\",\n      \"monitoringPassword\": \"\",\n      \"name\": \"198.18.18.12\",\n      \"nameAlias\": \"\",\n      \"authPort\": \"1812\",\n      \"retries\": \"1\",\n      \"timeout\": \"5\"\n    },\n    \"children\": [\n      {\n        \"aaaRsSecProvToEpg\": {\n          \"attributes\": {\n            \"tDn\": \"uni/tn-mgmt/mgmtp-default/oob-default\"\n          },\n          \"children\": []\n        }\n      }\n    ]\n  }\n}\n"
          },
          "sensitive_attributes": [
            [
              {
                "type": "get_attr",
                "value": "payload"
              }
            ]
          ],
          "private": "eyJzY2hlbWFfdmVyc2lvbiI6IjEifQ=="
        }
      ]
    },
    {
      "module": "module.radius_server1_ref",
      "mode": "managed",
      "type": "aci_rest",
      "name": "provider_group_radius",
      "provider": "provider[\"registry.terraform.io/ciscodevnet/aci\"]",
      "instances": [
        {
          "schema_version": 1,
          "attributes": {
            "class_name": "aaaProviderRef",
            "content": null,
            "dn": null,
            "id": "uni/userext/radiusext/radiusprovidergroup-RADIUS/providerref-198.18.18.12",
            "path": "/api/node/mo/uni/userext/radiusext/radiusprovidergroup-RADIUS/providerref-198.18.18.12.json",
            "payload": "{\n  \"aaaProviderRef\": {\n    \"attributes\": {\n      \"annotation\": \"\",\n      \"descr\": \"RADIUS Server 1\",\n      \"dn\": \"uni/userext/radiusext/radiusprovidergroup-RADIUS/providerref-198.18.18.12\",\n      \"name\": \"198.18.18.12\",\n      \"nameAlias\": \"\",\n      \"order\": \"1\",\n    }\n  }\n}\n"
          },
          "sensitive_attributes": [],
          "private": "eyJzY2hlbWFfdmVyc2lvbiI6IjEifQ==",
          "dependencies": [
            "module.login_domain_radius.aci_rest.login_domain_radius",
            "module.radius_server2.aci_rest.radius_provider"
          ]
        }
      ]
    },
    {
      "module": "module.radius_server2",
      "mode": "managed",
      "type": "aci_rest",
      "name": "radius_provider",
      "provider": "provider[\"registry.terraform.io/ciscodevnet/aci\"]",
      "instances": [
        {
          "schema_version": 1,
          "attributes": {
            "class_name": "aaaRadiusProvider",
            "content": null,
            "dn": null,
            "id": "uni/userext/radiusext/radiusprovider-198.18.18.13",
            "path": "/api/node/mo/uni/userext/radiusext/radiusprovider-198.18.18.13.json",
            "payload": "{\n  \"aaaRadiusProvider\": {\n    \"attributes\": {\n      \"annotation\": \"\",\n      \"authProtocol\": \"pap\",\n      \"descr\": \"RADIUS Server 2\",\n      \"dn\": \"uni/userext/radiusext/radiusprovider-198.18.18.13\",\n      \"key\": \"cisco123\",\n      \"monitorServer\": \"disabled\",\n      \"monitoringUser\": \"default\",\n      \"monitoringPassword\": \"\",\n      \"name\": \"198.18.18.13\",\n      \"nameAlias\": \"\",\n      \"authPort\": \"1812\",\n      \"retries\": \"1\",\n      \"timeout\": \"5\"\n    },\n    \"children\": [\n      {\n        \"aaaRsSecProvToEpg\": {\n          \"attributes\": {\n            \"tDn\": \"uni/tn-mgmt/mgmtp-default/oob-default\"\n          },\n          \"children\": []\n        }\n      }\n    ]\n  }\n}\n"
          },
          "sensitive_attributes": [
            [
              {
                "type": "get_attr",
                "value": "payload"
              }
            ]
          ],
          "private": "eyJzY2hlbWFfdmVyc2lvbiI6IjEifQ=="
        }
      ]
    },
    {
      "module": "module.radius_server2_ref",
      "mode": "managed",
      "type": "aci_rest",
      "name": "provider_group_radius",
      "provider": "provider[\"registry.terraform.io/ciscodevnet/aci\"]",
      "instances": [
        {
          "schema_version": 1,
          "attributes": {
            "class_name": "aaaProviderRef",
            "content": null,
            "dn": null,
            "id": "uni/userext/radiusext/radiusprovidergroup-RADIUS/providerref-198.18.18.13",
            "path": "/api/node/mo/uni/userext/radiusext/radiusprovidergroup-RADIUS/providerref-198.18.18.13.json",
            "payload": "{\n  \"aaaProviderRef\": {\n    \"attributes\": {\n      \"annotation\": \"\",\n      \"descr\": \"RADIUS Server 2\",\n      \"dn\": \"uni/userext/radiusext/radiusprovidergroup-RADIUS/providerref-198.18.18.13\",\n      \"name\": \"198.18.18.13\",\n      \"nameAlias\": \"\",\n      \"order\": \"2\",\n    }\n  }\n}\n"
          },
          "sensitive_attributes": [],
          "private": "eyJzY2hlbWFfdmVyc2lvbiI6IjEifQ==",
          "dependencies": [
            "module.login_domain_radius.aci_rest.login_domain_radius",
            "module.radius_server2.aci_rest.radius_provider"
          ]
        }
      ]
    }
  ]
}
